// !$*UTF8*$!
{
	archiveVersion = 1;
	classes = {
	};
	objectVersion = 46;
	objects = {

/* Begin PBXBuildFile section */
		783BC4D91F65C841008C40CC /* UniversLTStd-Black.otf in Resources */ = {isa = PBXBuildFile; fileRef = 783BC4D81F65C841008C40CC /* UniversLTStd-Black.otf */; };
		783BC4DC1F65C8AF008C40CC /* UniversLTStd 2.otf in Resources */ = {isa = PBXBuildFile; fileRef = 783BC4DB1F65C8AF008C40CC /* UniversLTStd 2.otf */; };
		783BC4DE1F65C8B7008C40CC /* RIVERHACK.otf in Resources */ = {isa = PBXBuildFile; fileRef = 783BC4DD1F65C8B7008C40CC /* RIVERHACK.otf */; };
		783BC4E01F65C8C1008C40CC /* Riverhack Swashes.otf in Resources */ = {isa = PBXBuildFile; fileRef = 783BC4DF1F65C8C1008C40CC /* Riverhack Swashes.otf */; };
		783BC4E21F65C8CA008C40CC /* Bulldogs Bold.otf in Resources */ = {isa = PBXBuildFile; fileRef = 783BC4E11F65C8CA008C40CC /* Bulldogs Bold.otf */; };
		783BC4E81F66D538008C40CC /* WebViewViewController.swift in Sources */ = {isa = PBXBuildFile; fileRef = 783BC4E71F66D538008C40CC /* WebViewViewController.swift */; };
		783BC4EA1F66D54C008C40CC /* WebView.storyboard in Resources */ = {isa = PBXBuildFile; fileRef = 783BC4E91F66D54C008C40CC /* WebView.storyboard */; };
		7876494C1FB8ED3500CE1DBC /* Blog.storyboard in Resources */ = {isa = PBXBuildFile; fileRef = 7876494B1FB8ED3500CE1DBC /* Blog.storyboard */; };
		7876494E1FB8ED4C00CE1DBC /* BlogViewController.swift in Sources */ = {isa = PBXBuildFile; fileRef = 7876494D1FB8ED4C00CE1DBC /* BlogViewController.swift */; };
		787649501FB930F000CE1DBC /* SocialMedia.storyboard in Resources */ = {isa = PBXBuildFile; fileRef = 7876494F1FB930F000CE1DBC /* SocialMedia.storyboard */; };
		787649521FB9310D00CE1DBC /* SocialMediaViewController.swift in Sources */ = {isa = PBXBuildFile; fileRef = 787649511FB9310D00CE1DBC /* SocialMediaViewController.swift */; };
		78C264851F869E290017EC22 /* MainViewController.swift in Sources */ = {isa = PBXBuildFile; fileRef = 78C264841F869E290017EC22 /* MainViewController.swift */; };
		78C264871F8AF0C60017EC22 /* CommServiceViewController.swift in Sources */ = {isa = PBXBuildFile; fileRef = 78C264861F8AF0C50017EC22 /* CommServiceViewController.swift */; };
		78C264891F8AF0F00017EC22 /* CommService.storyboard in Resources */ = {isa = PBXBuildFile; fileRef = 78C264881F8AF0F00017EC22 /* CommService.storyboard */; };
		78C2648B1F8EA3EB0017EC22 /* Leaderboard.storyboard in Resources */ = {isa = PBXBuildFile; fileRef = 78C2648A1F8EA3EB0017EC22 /* Leaderboard.storyboard */; };
		78C2648D1F8EA4050017EC22 /* LeaderboardViewController.swift in Sources */ = {isa = PBXBuildFile; fileRef = 78C2648C1F8EA4050017EC22 /* LeaderboardViewController.swift */; };
		78FB945D1F5F38EA000E3DE5 /* AppDelegate.swift in Sources */ = {isa = PBXBuildFile; fileRef = 78FB945C1F5F38EA000E3DE5 /* AppDelegate.swift */; };
		78FB945F1F5F38EA000E3DE5 /* ViewController.swift in Sources */ = {isa = PBXBuildFile; fileRef = 78FB945E1F5F38EA000E3DE5 /* ViewController.swift */; };
		78FB94621F5F38EA000E3DE5 /* Main.storyboard in Resources */ = {isa = PBXBuildFile; fileRef = 78FB94601F5F38EA000E3DE5 /* Main.storyboard */; };
		78FB94641F5F38EA000E3DE5 /* Assets.xcassets in Resources */ = {isa = PBXBuildFile; fileRef = 78FB94631F5F38EA000E3DE5 /* Assets.xcassets */; };
		78FB94671F5F38EA000E3DE5 /* LaunchScreen.storyboard in Resources */ = {isa = PBXBuildFile; fileRef = 78FB94651F5F38EA000E3DE5 /* LaunchScreen.storyboard */; };
		78FB94721F5F38EA000E3DE5 /* TheGeorgiaWayTests.swift in Sources */ = {isa = PBXBuildFile; fileRef = 78FB94711F5F38EA000E3DE5 /* TheGeorgiaWayTests.swift */; };
		78FB947D1F5F38EA000E3DE5 /* TheGeorgiaWayUITests.swift in Sources */ = {isa = PBXBuildFile; fileRef = 78FB947C1F5F38EA000E3DE5 /* TheGeorgiaWayUITests.swift */; };
/* End PBXBuildFile section */

/* Begin PBXContainerItemProxy section */
		78FB946E1F5F38EA000E3DE5 /* PBXContainerItemProxy */ = {
			isa = PBXContainerItemProxy;
			containerPortal = 78FB94511F5F38E9000E3DE5 /* Project object */;
			proxyType = 1;
			remoteGlobalIDString = 78FB94581F5F38E9000E3DE5;
			remoteInfo = TheGeorgiaWay;
		};
		78FB94791F5F38EA000E3DE5 /* PBXContainerItemProxy */ = {
			isa = PBXContainerItemProxy;
			containerPortal = 78FB94511F5F38E9000E3DE5 /* Project object */;
			proxyType = 1;
			remoteGlobalIDString = 78FB94581F5F38E9000E3DE5;
			remoteInfo = TheGeorgiaWay;
		};
/* End PBXContainerItemProxy section */

/* Begin PBXFileReference section */
		783BC4D81F65C841008C40CC /* UniversLTStd-Black.otf */ = {isa = PBXFileReference; lastKnownFileType = file; name = "UniversLTStd-Black.otf"; path = "TheGeorgiaWay/UniversLTStd-Black.otf"; sourceTree = "<group>"; };
		783BC4DB1F65C8AF008C40CC /* UniversLTStd 2.otf */ = {isa = PBXFileReference; lastKnownFileType = file; path = "UniversLTStd 2.otf"; sourceTree = "<group>"; };
		783BC4DD1F65C8B7008C40CC /* RIVERHACK.otf */ = {isa = PBXFileReference; lastKnownFileType = file; path = RIVERHACK.otf; sourceTree = "<group>"; };
		783BC4DF1F65C8C1008C40CC /* Riverhack Swashes.otf */ = {isa = PBXFileReference; lastKnownFileType = file; path = "Riverhack Swashes.otf"; sourceTree = "<group>"; };
		783BC4E11F65C8CA008C40CC /* Bulldogs Bold.otf */ = {isa = PBXFileReference; lastKnownFileType = file; path = "Bulldogs Bold.otf"; sourceTree = "<group>"; };
		783BC4E71F66D538008C40CC /* WebViewViewController.swift */ = {isa = PBXFileReference; fileEncoding = 4; lastKnownFileType = sourcecode.swift; path = WebViewViewController.swift; sourceTree = "<group>"; };
		783BC4E91F66D54C008C40CC /* WebView.storyboard */ = {isa = PBXFileReference; fileEncoding = 4; lastKnownFileType = file.storyboard; path = WebView.storyboard; sourceTree = "<group>"; };
		7876494B1FB8ED3500CE1DBC /* Blog.storyboard */ = {isa = PBXFileReference; fileEncoding = 4; lastKnownFileType = file.storyboard; path = Blog.storyboard; sourceTree = "<group>"; };
		7876494D1FB8ED4C00CE1DBC /* BlogViewController.swift */ = {isa = PBXFileReference; fileEncoding = 4; lastKnownFileType = sourcecode.swift; path = BlogViewController.swift; sourceTree = "<group>"; };
		7876494F1FB930F000CE1DBC /* SocialMedia.storyboard */ = {isa = PBXFileReference; fileEncoding = 4; lastKnownFileType = file.storyboard; path = SocialMedia.storyboard; sourceTree = "<group>"; };
		787649511FB9310D00CE1DBC /* SocialMediaViewController.swift */ = {isa = PBXFileReference; fileEncoding = 4; lastKnownFileType = sourcecode.swift; path = SocialMediaViewController.swift; sourceTree = "<group>"; };
		78C264841F869E290017EC22 /* MainViewController.swift */ = {isa = PBXFileReference; fileEncoding = 4; lastKnownFileType = sourcecode.swift; path = MainViewController.swift; sourceTree = "<group>"; };
		78C264861F8AF0C50017EC22 /* CommServiceViewController.swift */ = {isa = PBXFileReference; fileEncoding = 4; lastKnownFileType = sourcecode.swift; path = CommServiceViewController.swift; sourceTree = "<group>"; };
		78C264881F8AF0F00017EC22 /* CommService.storyboard */ = {isa = PBXFileReference; fileEncoding = 4; lastKnownFileType = file.storyboard; path = CommService.storyboard; sourceTree = "<group>"; };
		78C2648A1F8EA3EB0017EC22 /* Leaderboard.storyboard */ = {isa = PBXFileReference; fileEncoding = 4; lastKnownFileType = file.storyboard; path = Leaderboard.storyboard; sourceTree = "<group>"; };
		78C2648C1F8EA4050017EC22 /* LeaderboardViewController.swift */ = {isa = PBXFileReference; fileEncoding = 4; lastKnownFileType = sourcecode.swift; path = LeaderboardViewController.swift; sourceTree = "<group>"; };
		78FB94591F5F38EA000E3DE5 /* TheGeorgiaWay.app */ = {isa = PBXFileReference; explicitFileType = wrapper.application; includeInIndex = 0; path = TheGeorgiaWay.app; sourceTree = BUILT_PRODUCTS_DIR; };
		78FB945C1F5F38EA000E3DE5 /* AppDelegate.swift */ = {isa = PBXFileReference; lastKnownFileType = sourcecode.swift; path = AppDelegate.swift; sourceTree = "<group>"; };
		78FB945E1F5F38EA000E3DE5 /* ViewController.swift */ = {isa = PBXFileReference; lastKnownFileType = sourcecode.swift; path = ViewController.swift; sourceTree = "<group>"; };
		78FB94611F5F38EA000E3DE5 /* Base */ = {isa = PBXFileReference; lastKnownFileType = file.storyboard; name = Base; path = Base.lproj/Main.storyboard; sourceTree = "<group>"; };
		78FB94631F5F38EA000E3DE5 /* Assets.xcassets */ = {isa = PBXFileReference; lastKnownFileType = folder.assetcatalog; path = Assets.xcassets; sourceTree = "<group>"; };
		78FB94661F5F38EA000E3DE5 /* Base */ = {isa = PBXFileReference; lastKnownFileType = file.storyboard; name = Base; path = Base.lproj/LaunchScreen.storyboard; sourceTree = "<group>"; };
		78FB94681F5F38EA000E3DE5 /* Info.plist */ = {isa = PBXFileReference; lastKnownFileType = text.plist.xml; path = Info.plist; sourceTree = "<group>"; };
		78FB946D1F5F38EA000E3DE5 /* TheGeorgiaWayTests.xctest */ = {isa = PBXFileReference; explicitFileType = wrapper.cfbundle; includeInIndex = 0; path = TheGeorgiaWayTests.xctest; sourceTree = BUILT_PRODUCTS_DIR; };
		78FB94711F5F38EA000E3DE5 /* TheGeorgiaWayTests.swift */ = {isa = PBXFileReference; lastKnownFileType = sourcecode.swift; path = TheGeorgiaWayTests.swift; sourceTree = "<group>"; };
		78FB94731F5F38EA000E3DE5 /* Info.plist */ = {isa = PBXFileReference; lastKnownFileType = text.plist.xml; path = Info.plist; sourceTree = "<group>"; };
		78FB94781F5F38EA000E3DE5 /* TheGeorgiaWayUITests.xctest */ = {isa = PBXFileReference; explicitFileType = wrapper.cfbundle; includeInIndex = 0; path = TheGeorgiaWayUITests.xctest; sourceTree = BUILT_PRODUCTS_DIR; };
		78FB947C1F5F38EA000E3DE5 /* TheGeorgiaWayUITests.swift */ = {isa = PBXFileReference; lastKnownFileType = sourcecode.swift; path = TheGeorgiaWayUITests.swift; sourceTree = "<group>"; };
		78FB947E1F5F38EA000E3DE5 /* Info.plist */ = {isa = PBXFileReference; lastKnownFileType = text.plist.xml; path = Info.plist; sourceTree = "<group>"; };
/* End PBXFileReference section */

/* Begin PBXFrameworksBuildPhase section */
		78FB94561F5F38E9000E3DE5 /* Frameworks */ = {
			isa = PBXFrameworksBuildPhase;
			buildActionMask = 2147483647;
			files = (
			);
			runOnlyForDeploymentPostprocessing = 0;
		};
		78FB946A1F5F38EA000E3DE5 /* Frameworks */ = {
			isa = PBXFrameworksBuildPhase;
			buildActionMask = 2147483647;
			files = (
			);
			runOnlyForDeploymentPostprocessing = 0;
		};
		78FB94751F5F38EA000E3DE5 /* Frameworks */ = {
			isa = PBXFrameworksBuildPhase;
			buildActionMask = 2147483647;
			files = (
			);
			runOnlyForDeploymentPostprocessing = 0;
		};
/* End PBXFrameworksBuildPhase section */

/* Begin PBXGroup section */
		783BC4DA1F65C883008C40CC /* Fonts */ = {
			isa = PBXGroup;
			children = (
				783BC4E11F65C8CA008C40CC /* Bulldogs Bold.otf */,
				783BC4DF1F65C8C1008C40CC /* Riverhack Swashes.otf */,
				783BC4DD1F65C8B7008C40CC /* RIVERHACK.otf */,
				783BC4DB1F65C8AF008C40CC /* UniversLTStd 2.otf */,
				783BC4D81F65C841008C40CC /* UniversLTStd-Black.otf */,
			);
			name = Fonts;
			sourceTree = "<group>";
		};
		78FB94501F5F38E9000E3DE5 = {
			isa = PBXGroup;
			children = (
				78FB945B1F5F38EA000E3DE5 /* TheGeorgiaWay */,
				78FB94701F5F38EA000E3DE5 /* TheGeorgiaWayTests */,
				78FB947B1F5F38EA000E3DE5 /* TheGeorgiaWayUITests */,
				78FB945A1F5F38EA000E3DE5 /* Products */,
				783BC4DA1F65C883008C40CC /* Fonts */,
			);
			sourceTree = "<group>";
		};
		78FB945A1F5F38EA000E3DE5 /* Products */ = {
			isa = PBXGroup;
			children = (
				78FB94591F5F38EA000E3DE5 /* TheGeorgiaWay.app */,
				78FB946D1F5F38EA000E3DE5 /* TheGeorgiaWayTests.xctest */,
				78FB94781F5F38EA000E3DE5 /* TheGeorgiaWayUITests.xctest */,
			);
			name = Products;
			sourceTree = "<group>";
		};
		78FB945B1F5F38EA000E3DE5 /* TheGeorgiaWay */ = {
			isa = PBXGroup;
			children = (
				78FB945C1F5F38EA000E3DE5 /* AppDelegate.swift */,
				78FB945E1F5F38EA000E3DE5 /* ViewController.swift */,
				78FB94601F5F38EA000E3DE5 /* Main.storyboard */,
				7876494B1FB8ED3500CE1DBC /* Blog.storyboard */,
				7876494D1FB8ED4C00CE1DBC /* BlogViewController.swift */,
				78C264841F869E290017EC22 /* MainViewController.swift */,
				78FB94631F5F38EA000E3DE5 /* Assets.xcassets */,
				78FB94651F5F38EA000E3DE5 /* LaunchScreen.storyboard */,
				78FB94681F5F38EA000E3DE5 /* Info.plist */,
				783BC4E71F66D538008C40CC /* WebViewViewController.swift */,
				783BC4E91F66D54C008C40CC /* WebView.storyboard */,
				78C264861F8AF0C50017EC22 /* CommServiceViewController.swift */,
				78C264881F8AF0F00017EC22 /* CommService.storyboard */,
				78C2648A1F8EA3EB0017EC22 /* Leaderboard.storyboard */,
				78C2648C1F8EA4050017EC22 /* LeaderboardViewController.swift */,
				7876494F1FB930F000CE1DBC /* SocialMedia.storyboard */,
				787649511FB9310D00CE1DBC /* SocialMediaViewController.swift */,
			);
			path = TheGeorgiaWay;
			sourceTree = "<group>";
		};
		78FB94701F5F38EA000E3DE5 /* TheGeorgiaWayTests */ = {
			isa = PBXGroup;
			children = (
				78FB94711F5F38EA000E3DE5 /* TheGeorgiaWayTests.swift */,
				78FB94731F5F38EA000E3DE5 /* Info.plist */,
			);
			path = TheGeorgiaWayTests;
			sourceTree = "<group>";
		};
		78FB947B1F5F38EA000E3DE5 /* TheGeorgiaWayUITests */ = {
			isa = PBXGroup;
			children = (
				78FB947C1F5F38EA000E3DE5 /* TheGeorgiaWayUITests.swift */,
				78FB947E1F5F38EA000E3DE5 /* Info.plist */,
			);
			path = TheGeorgiaWayUITests;
			sourceTree = "<group>";
		};
/* End PBXGroup section */

/* Begin PBXNativeTarget section */
		78FB94581F5F38E9000E3DE5 /* TheGeorgiaWay */ = {
			isa = PBXNativeTarget;
			buildConfigurationList = 78FB94811F5F38EA000E3DE5 /* Build configuration list for PBXNativeTarget "TheGeorgiaWay" */;
			buildPhases = (
				78FB94551F5F38E9000E3DE5 /* Sources */,
				78FB94561F5F38E9000E3DE5 /* Frameworks */,
				78FB94571F5F38E9000E3DE5 /* Resources */,
			);
			buildRules = (
			);
			dependencies = (
			);
			name = TheGeorgiaWay;
			productName = TheGeorgiaWay;
			productReference = 78FB94591F5F38EA000E3DE5 /* TheGeorgiaWay.app */;
			productType = "com.apple.product-type.application";
		};
		78FB946C1F5F38EA000E3DE5 /* TheGeorgiaWayTests */ = {
			isa = PBXNativeTarget;
			buildConfigurationList = 78FB94841F5F38EA000E3DE5 /* Build configuration list for PBXNativeTarget "TheGeorgiaWayTests" */;
			buildPhases = (
				78FB94691F5F38EA000E3DE5 /* Sources */,
				78FB946A1F5F38EA000E3DE5 /* Frameworks */,
				78FB946B1F5F38EA000E3DE5 /* Resources */,
			);
			buildRules = (
			);
			dependencies = (
				78FB946F1F5F38EA000E3DE5 /* PBXTargetDependency */,
			);
			name = TheGeorgiaWayTests;
			productName = TheGeorgiaWayTests;
			productReference = 78FB946D1F5F38EA000E3DE5 /* TheGeorgiaWayTests.xctest */;
			productType = "com.apple.product-type.bundle.unit-test";
		};
		78FB94771F5F38EA000E3DE5 /* TheGeorgiaWayUITests */ = {
			isa = PBXNativeTarget;
			buildConfigurationList = 78FB94871F5F38EA000E3DE5 /* Build configuration list for PBXNativeTarget "TheGeorgiaWayUITests" */;
			buildPhases = (
				78FB94741F5F38EA000E3DE5 /* Sources */,
				78FB94751F5F38EA000E3DE5 /* Frameworks */,
				78FB94761F5F38EA000E3DE5 /* Resources */,
			);
			buildRules = (
			);
			dependencies = (
				78FB947A1F5F38EA000E3DE5 /* PBXTargetDependency */,
			);
			name = TheGeorgiaWayUITests;
			productName = TheGeorgiaWayUITests;
			productReference = 78FB94781F5F38EA000E3DE5 /* TheGeorgiaWayUITests.xctest */;
			productType = "com.apple.product-type.bundle.ui-testing";
		};
/* End PBXNativeTarget section */

/* Begin PBXProject section */
		78FB94511F5F38E9000E3DE5 /* Project object */ = {
			isa = PBXProject;
			attributes = {
				LastSwiftUpdateCheck = 0830;
				LastUpgradeCheck = 0830;
				ORGANIZATIONNAME = "Kelsie Belan";
				TargetAttributes = {
					78FB94581F5F38E9000E3DE5 = {
						CreatedOnToolsVersion = 8.3.3;
						DevelopmentTeam = 836Y689V92;
						ProvisioningStyle = Automatic;
					};
					78FB946C1F5F38EA000E3DE5 = {
						CreatedOnToolsVersion = 8.3.3;
						DevelopmentTeam = 836Y689V92;
						ProvisioningStyle = Automatic;
						TestTargetID = 78FB94581F5F38E9000E3DE5;
					};
					78FB94771F5F38EA000E3DE5 = {
						CreatedOnToolsVersion = 8.3.3;
						DevelopmentTeam = 836Y689V92;
						ProvisioningStyle = Automatic;
						TestTargetID = 78FB94581F5F38E9000E3DE5;
					};
				};
			};
			buildConfigurationList = 78FB94541F5F38E9000E3DE5 /* Build configuration list for PBXProject "TheGeorgiaWay" */;
			compatibilityVersion = "Xcode 3.2";
			developmentRegion = English;
			hasScannedForEncodings = 0;
			knownRegions = (
				en,
				Base,
			);
			mainGroup = 78FB94501F5F38E9000E3DE5;
			productRefGroup = 78FB945A1F5F38EA000E3DE5 /* Products */;
			projectDirPath = "";
			projectRoot = "";
			targets = (
				78FB94581F5F38E9000E3DE5 /* TheGeorgiaWay */,
				78FB946C1F5F38EA000E3DE5 /* TheGeorgiaWayTests */,
				78FB94771F5F38EA000E3DE5 /* TheGeorgiaWayUITests */,
			);
		};
/* End PBXProject section */

/* Begin PBXResourcesBuildPhase section */
		78FB94571F5F38E9000E3DE5 /* Resources */ = {
			isa = PBXResourcesBuildPhase;
			buildActionMask = 2147483647;
			files = (
				78FB94671F5F38EA000E3DE5 /* LaunchScreen.storyboard in Resources */,
				78C2648B1F8EA3EB0017EC22 /* Leaderboard.storyboard in Resources */,
				7876494C1FB8ED3500CE1DBC /* Blog.storyboard in Resources */,
				783BC4DC1F65C8AF008C40CC /* UniversLTStd 2.otf in Resources */,
				78FB94641F5F38EA000E3DE5 /* Assets.xcassets in Resources */,
				783BC4E01F65C8C1008C40CC /* Riverhack Swashes.otf in Resources */,
				783BC4DE1F65C8B7008C40CC /* RIVERHACK.otf in Resources */,
				787649501FB930F000CE1DBC /* SocialMedia.storyboard in Resources */,
				783BC4E21F65C8CA008C40CC /* Bulldogs Bold.otf in Resources */,
				783BC4D91F65C841008C40CC /* UniversLTStd-Black.otf in Resources */,
				783BC4EA1F66D54C008C40CC /* WebView.storyboard in Resources */,
				78C264891F8AF0F00017EC22 /* CommService.storyboard in Resources */,
				78FB94621F5F38EA000E3DE5 /* Main.storyboard in Resources */,
			);
			runOnlyForDeploymentPostprocessing = 0;
		};
		78FB946B1F5F38EA000E3DE5 /* Resources */ = {
			isa = PBXResourcesBuildPhase;
			buildActionMask = 2147483647;
			files = (
			);
			runOnlyForDeploymentPostprocessing = 0;
		};
		78FB94761F5F38EA000E3DE5 /* Resources */ = {
			isa = PBXResourcesBuildPhase;
			buildActionMask = 2147483647;
			files = (
			);
			runOnlyForDeploymentPostprocessing = 0;
		};
/* End PBXResourcesBuildPhase section */

/* Begin PBXSourcesBuildPhase section */
		78FB94551F5F38E9000E3DE5 /* Sources */ = {
			isa = PBXSourcesBuildPhase;
			buildActionMask = 2147483647;
			files = (
				78FB945F1F5F38EA000E3DE5 /* ViewController.swift in Sources */,
				783BC4E81F66D538008C40CC /* WebViewViewController.swift in Sources */,
				78FB945D1F5F38EA000E3DE5 /* AppDelegate.swift in Sources */,
				78C264871F8AF0C60017EC22 /* CommServiceViewController.swift in Sources */,
				787649521FB9310D00CE1DBC /* SocialMediaViewController.swift in Sources */,
				78C2648D1F8EA4050017EC22 /* LeaderboardViewController.swift in Sources */,
				78C264851F869E290017EC22 /* MainViewController.swift in Sources */,
				7876494E1FB8ED4C00CE1DBC /* BlogViewController.swift in Sources */,
			);
			runOnlyForDeploymentPostprocessing = 0;
		};
		78FB94691F5F38EA000E3DE5 /* Sources */ = {
			isa = PBXSourcesBuildPhase;
			buildActionMask = 2147483647;
			files = (
				78FB94721F5F38EA000E3DE5 /* TheGeorgiaWayTests.swift in Sources */,
			);
			runOnlyForDeploymentPostprocessing = 0;
		};
		78FB94741F5F38EA000E3DE5 /* Sources */ = {
			isa = PBXSourcesBuildPhase;
			buildActionMask = 2147483647;
			files = (
				78FB947D1F5F38EA000E3DE5 /* TheGeorgiaWayUITests.swift in Sources */,
			);
			runOnlyForDeploymentPostprocessing = 0;
		};
/* End PBXSourcesBuildPhase section */

/* Begin PBXTargetDependency section */
		78FB946F1F5F38EA000E3DE5 /* PBXTargetDependency */ = {
			isa = PBXTargetDependency;
			target = 78FB94581F5F38E9000E3DE5 /* TheGeorgiaWay */;
			targetProxy = 78FB946E1F5F38EA000E3DE5 /* PBXContainerItemProxy */;
		};
		78FB947A1F5F38EA000E3DE5 /* PBXTargetDependency */ = {
			isa = PBXTargetDependency;
			target = 78FB94581F5F38E9000E3DE5 /* TheGeorgiaWay */;
			targetProxy = 78FB94791F5F38EA000E3DE5 /* PBXContainerItemProxy */;
		};
/* End PBXTargetDependency section */

/* Begin PBXVariantGroup section */
		78FB94601F5F38EA000E3DE5 /* Main.storyboard */ = {
			isa = PBXVariantGroup;
			children = (
				78FB94611F5F38EA000E3DE5 /* Base */,
			);
			name = Main.storyboard;
			sourceTree = "<group>";
		};
		78FB94651F5F38EA000E3DE5 /* LaunchScreen.storyboard */ = {
			isa = PBXVariantGroup;
			children = (
				78FB94661F5F38EA000E3DE5 /* Base */,
			);
			name = LaunchScreen.storyboard;
			sourceTree = "<group>";
		};
/* End PBXVariantGroup section */

/* Begin XCBuildConfiguration section */
		78FB947F1F5F38EA000E3DE5 /* Debug */ = {
			isa = XCBuildConfiguration;
			buildSettings = {
				ALWAYS_SEARCH_USER_PATHS = NO;
				CLANG_ANALYZER_NONNULL = YES;
				CLANG_ANALYZER_NUMBER_OBJECT_CONVERSION = YES_AGGRESSIVE;
				CLANG_CXX_LANGUAGE_STANDARD = "gnu++0x";
				CLANG_CXX_LIBRARY = "libc++";
				CLANG_ENABLE_MODULES = YES;
				CLANG_ENABLE_OBJC_ARC = YES;
				CLANG_WARN_BOOL_CONVERSION = YES;
				CLANG_WARN_CONSTANT_CONVERSION = YES;
				CLANG_WARN_DIRECT_OBJC_ISA_USAGE = YES_ERROR;
				CLANG_WARN_DOCUMENTATION_COMMENTS = YES;
				CLANG_WARN_EMPTY_BODY = YES;
				CLANG_WARN_ENUM_CONVERSION = YES;
				CLANG_WARN_INFINITE_RECURSION = YES;
				CLANG_WARN_INT_CONVERSION = YES;
				CLANG_WARN_OBJC_ROOT_CLASS = YES_ERROR;
				CLANG_WARN_SUSPICIOUS_MOVE = YES;
				CLANG_WARN_UNREACHABLE_CODE = YES;
				CLANG_WARN__DUPLICATE_METHOD_MATCH = YES;
				"CODE_SIGN_IDENTITY[sdk=iphoneos*]" = "iPhone Developer";
				COPY_PHASE_STRIP = NO;
				DEBUG_INFORMATION_FORMAT = dwarf;
				ENABLE_STRICT_OBJC_MSGSEND = YES;
				ENABLE_TESTABILITY = YES;
				GCC_C_LANGUAGE_STANDARD = gnu99;
				GCC_DYNAMIC_NO_PIC = NO;
				GCC_NO_COMMON_BLOCKS = YES;
				GCC_OPTIMIZATION_LEVEL = 0;
				GCC_PREPROCESSOR_DEFINITIONS = (
					"DEBUG=1",
					"$(inherited)",
				);
				GCC_WARN_64_TO_32_BIT_CONVERSION = YES;
				GCC_WARN_ABOUT_RETURN_TYPE = YES_ERROR;
				GCC_WARN_UNDECLARED_SELECTOR = YES;
				GCC_WARN_UNINITIALIZED_AUTOS = YES_AGGRESSIVE;
				GCC_WARN_UNUSED_FUNCTION = YES;
				GCC_WARN_UNUSED_VARIABLE = YES;
				IPHONEOS_DEPLOYMENT_TARGET = 10.3;
				MTL_ENABLE_DEBUG_INFO = YES;
				ONLY_ACTIVE_ARCH = YES;
				SDKROOT = iphoneos;
				SWIFT_ACTIVE_COMPILATION_CONDITIONS = DEBUG;
				SWIFT_OPTIMIZATION_LEVEL = "-Onone";
				TARGETED_DEVICE_FAMILY = "1,2";
			};
			name = Debug;
		};
		78FB94801F5F38EA000E3DE5 /* Release */ = {
			isa = XCBuildConfiguration;
			buildSettings = {
				ALWAYS_SEARCH_USER_PATHS = NO;
				CLANG_ANALYZER_NONNULL = YES;
				CLANG_ANALYZER_NUMBER_OBJECT_CONVERSION = YES_AGGRESSIVE;
				CLANG_CXX_LANGUAGE_STANDARD = "gnu++0x";
				CLANG_CXX_LIBRARY = "libc++";
				CLANG_ENABLE_MODULES = YES;
				CLANG_ENABLE_OBJC_ARC = YES;
				CLANG_WARN_BOOL_CONVERSION = YES;
				CLANG_WARN_CONSTANT_CONVERSION = YES;
				CLANG_WARN_DIRECT_OBJC_ISA_USAGE = YES_ERROR;
				CLANG_WARN_DOCUMENTATION_COMMENTS = YES;
				CLANG_WARN_EMPTY_BODY = YES;
				CLANG_WARN_ENUM_CONVERSION = YES;
				CLANG_WARN_INFINITE_RECURSION = YES;
				CLANG_WARN_INT_CONVERSION = YES;
				CLANG_WARN_OBJC_ROOT_CLASS = YES_ERROR;
				CLANG_WARN_SUSPICIOUS_MOVE = YES;
				CLANG_WARN_UNREACHABLE_CODE = YES;
				CLANG_WARN__DUPLICATE_METHOD_MATCH = YES;
				"CODE_SIGN_IDENTITY[sdk=iphoneos*]" = "iPhone Developer";
				COPY_PHASE_STRIP = NO;
				DEBUG_INFORMATION_FORMAT = "dwarf-with-dsym";
				ENABLE_NS_ASSERTIONS = NO;
				ENABLE_STRICT_OBJC_MSGSEND = YES;
				GCC_C_LANGUAGE_STANDARD = gnu99;
				GCC_NO_COMMON_BLOCKS = YES;
				GCC_WARN_64_TO_32_BIT_CONVERSION = YES;
				GCC_WARN_ABOUT_RETURN_TYPE = YES_ERROR;
				GCC_WARN_UNDECLARED_SELECTOR = YES;
				GCC_WARN_UNINITIALIZED_AUTOS = YES_AGGRESSIVE;
				GCC_WARN_UNUSED_FUNCTION = YES;
				GCC_WARN_UNUSED_VARIABLE = YES;
				IPHONEOS_DEPLOYMENT_TARGET = 10.3;
				MTL_ENABLE_DEBUG_INFO = NO;
				SDKROOT = iphoneos;
				SWIFT_OPTIMIZATION_LEVEL = "-Owholemodule";
				TARGETED_DEVICE_FAMILY = "1,2";
				VALIDATE_PRODUCT = YES;
			};
			name = Release;
		};
		78FB94821F5F38EA000E3DE5 /* Debug */ = {
			isa = XCBuildConfiguration;
			buildSettings = {
				ASSETCATALOG_COMPILER_APPICON_NAME = AppIcon;
				DEVELOPMENT_TEAM = 836Y689V92;
				INFOPLIST_FILE = TheGeorgiaWay/Info.plist;
				IPHONEOS_DEPLOYMENT_TARGET = 10.2;
				LD_RUNPATH_SEARCH_PATHS = "$(inherited) @executable_path/Frameworks";
				PRODUCT_BUNDLE_IDENTIFIER = com.KelsieBelan.TheGeorgiaWay;
				PRODUCT_NAME = "$(TARGET_NAME)";
				SWIFT_VERSION = 3.0;
			};
			name = Debug;
		};
		78FB94831F5F38EA000E3DE5 /* Release */ = {
			isa = XCBuildConfiguration;
			buildSettings = {
				ASSETCATALOG_COMPILER_APPICON_NAME = AppIcon;
				DEVELOPMENT_TEAM = 836Y689V92;
				INFOPLIST_FILE = TheGeorgiaWay/Info.plist;
				IPHONEOS_DEPLOYMENT_TARGET = 10.2;
				LD_RUNPATH_SEARCH_PATHS = "$(inherited) @executable_path/Frameworks";
				PRODUCT_BUNDLE_IDENTIFIER = com.KelsieBelan.TheGeorgiaWay;
				PRODUCT_NAME = "$(TARGET_NAME)";
				SWIFT_VERSION = 3.0;
			};
			name = Release;
		};
		78FB94851F5F38EA000E3DE5 /* Debug */ = {
			isa = XCBuildConfiguration;
			buildSettings = {
				ALWAYS_EMBED_SWIFT_STANDARD_LIBRARIES = YES;
				BUNDLE_LOADER = "$(TEST_HOST)";
				DEVELOPMENT_TEAM = 836Y689V92;
				INFOPLIST_FILE = TheGeorgiaWayTests/Info.plist;
				LD_RUNPATH_SEARCH_PATHS = "$(inherited) @executable_path/Frameworks @loader_path/Frameworks";
				PRODUCT_BUNDLE_IDENTIFIER = com.KelsieBelan.TheGeorgiaWayTests;
				PRODUCT_NAME = "$(TARGET_NAME)";
				SWIFT_VERSION = 3.0;
				TEST_HOST = "$(BUILT_PRODUCTS_DIR)/TheGeorgiaWay.app/TheGeorgiaWay";
			};
			name = Debug;
		};
		78FB94861F5F38EA000E3DE5 /* Release */ = {
			isa = XCBuildConfiguration;
			buildSettings = {
				ALWAYS_EMBED_SWIFT_STANDARD_LIBRARIES = YES;
				BUNDLE_LOADER = "$(TEST_HOST)";
				DEVELOPMENT_TEAM = 836Y689V92;
				INFOPLIST_FILE = TheGeorgiaWayTests/Info.plist;
				LD_RUNPATH_SEARCH_PATHS = "$(inherited) @executable_path/Frameworks @loader_path/Frameworks";
				PRODUCT_BUNDLE_IDENTIFIER = com.KelsieBelan.TheGeorgiaWayTests;
				PRODUCT_NAME = "$(TARGET_NAME)";
				SWIFT_VERSION = 3.0;
				TEST_HOST = "$(BUILT_PRODUCTS_DIR)/TheGeorgiaWay.app/TheGeorgiaWay";
			};
			name = Release;
		};
		78FB94881F5F38EA000E3DE5 /* Debug */ = {
			isa = XCBuildConfiguration;
			buildSettings = {
				ALWAYS_EMBED_SWIFT_STANDARD_LIBRARIES = YES;
				DEVELOPMENT_TEAM = 836Y689V92;
				INFOPLIST_FILE = TheGeorgiaWayUITests/Info.plist;
				LD_RUNPATH_SEARCH_PATHS = "$(inherited) @executable_path/Frameworks @loader_path/Frameworks";
				PRODUCT_BUNDLE_IDENTIFIER = com.KelsieBelan.TheGeorgiaWayUITests;
				PRODUCT_NAME = "$(TARGET_NAME)";
				SWIFT_VERSION = 3.0;
				TEST_TARGET_NAME = TheGeorgiaWay;
			};
			name = Debug;
		};
		78FB94891F5F38EA000E3DE5 /* Release */ = {
			isa = XCBuildConfiguration;
			buildSettings = {
				ALWAYS_EMBED_SWIFT_STANDARD_LIBRARIES = YES;
				DEVELOPMENT_TEAM = 836Y689V92;
				INFOPLIST_FILE = TheGeorgiaWayUITests/Info.plist;
				LD_RUNPATH_SEARCH_PATHS = "$(inherited) @executable_path/Frameworks @loader_path/Frameworks";
				PRODUCT_BUNDLE_IDENTIFIER = com.KelsieBelan.TheGeorgiaWayUITests;
				PRODUCT_NAME = "$(TARGET_NAME)";
				SWIFT_VERSION = 3.0;
				TEST_TARGET_NAME = TheGeorgiaWay;
			};
			name = Release;
		};
/* End XCBuildConfiguration section */

/* Begin XCConfigurationList section */
		78FB94541F5F38E9000E3DE5 /* Build configuration list for PBXProject "TheGeorgiaWay" */ = {
			isa = XCConfigurationList;
			buildConfigurations = (
				78FB947F1F5F38EA000E3DE5 /* Debug */,
				78FB94801F5F38EA000E3DE5 /* Release */,
			);
			defaultConfigurationIsVisible = 0;
			defaultConfigurationName = Release;
		};
		78FB94811F5F38EA000E3DE5 /* Build configuration list for PBXNativeTarget "TheGeorgiaWay" */ = {
			isa = XCConfigurationList;
			buildConfigurations = (
				78FB94821F5F38EA000E3DE5 /* Debug */,
				78FB94831F5F38EA000E3DE5 /* Release */,
			);
			defaultConfigurationIsVisible = 0;
			defaultConfigurationName = Release;
		};
		78FB94841F5F38EA000E3DE5 /* Build configuration list for PBXNativeTarget "TheGeorgiaWayTests" */ = {
			isa = XCConfigurationList;
			buildConfigurations = (
				78FB94851F5F38EA000E3DE5 /* Debug */,
				78FB94861F5F38EA000E3DE5 /* Release */,
			);
			defaultConfigurationIsVisible = 0;
			defaultConfigurationName = Release;
		};
		78FB94871F5F38EA000E3DE5 /* Build configuration list for PBXNativeTarget "TheGeorgiaWayUITests" */ = {
			isa = XCConfigurationList;
			buildConfigurations = (
				78FB94881F5F38EA000E3DE5 /* Debug */,
				78FB94891F5F38EA000E3DE5 /* Release */,
			);
			defaultConfigurationIsVisible = 0;
			defaultConfigurationName = Release;
		};
/* End XCConfigurationList section */
	};
	rootObject = 78FB94511F5F38E9000E3DE5 /* Project object */;
}
